{
  "name": "codex-pro",
  "version": "0.2.5",
  "lockfileVersion": 3,
  "requires": true,
  "packages": {
    "": {
      "name": "codex-pro",
      "version": "0.2.5",
      "license": "MIT",
      "bin": {
        "codex-guard": "src/cli.js",
        "codex-history": "src/cli.js",
        "codex-pro": "src/cli.js",
        "codex-provider": "src/cli.js"
      },
      "engines": {
        "node": ">=24.0.0"
      }
    }
  }
}
